{
  "version": 4,
  "terraform_version": "1.10.4",
  "serial": 27,
  "lineage": "1bab4da5-8ddb-69ca-6314-244e44637f50",
  "outputs": {
    "public_ip": {
      "value": "34.58.24.178",
      "type": "string"
    }
  },
  "resources": [
    {
      "mode": "managed",
      "type": "google_compute_firewall",
      "name": "flask_fw",
      "provider": "provider[\"registry.terraform.io/hashicorp/google\"]",
      "instances": [
        {
          "schema_version": 1,
          "attributes": {
            "allow": [
              {
                "ports": [
                  "8080",
                  "22",
                  "80",
                  "5000"
                ],
                "protocol": "tcp"
              }
            ],
            "creation_timestamp": "2025-02-19T09:56:56.358-08:00",
            "deny": [],
            "description": "",
            "destination_ranges": [],
            "direction": "INGRESS",
            "disabled": false,
            "enable_logging": null,
            "id": "projects/banded-encoder-451312-h7/global/firewalls/flask-server-fw",
            "log_config": [],
            "name": "flask-server-fw",
            "network": "https://www.googleapis.com/compute/v1/projects/banded-encoder-451312-h7/global/networks/default",
            "priority": 1000,
            "project": "banded-encoder-451312-h7",
            "self_link": "https://www.googleapis.com/compute/v1/projects/banded-encoder-451312-h7/global/firewalls/flask-server-fw",
            "source_ranges": [
              "0.0.0.0/0"
            ],
            "source_service_accounts": [],
            "source_tags": [],
            "target_service_accounts": [],
            "target_tags": [
              "flask-server"
            ],
            "timeouts": null
          },
          "sensitive_attributes": [],
          "private": "eyJlMmJmYjczMC1lY2FhLTExZTYtOGY4OC0zNDM2M2JjN2M0YzAiOnsiY3JlYXRlIjoxMjAwMDAwMDAwMDAwLCJkZWxldGUiOjEyMDAwMDAwMDAwMDAsInVwZGF0ZSI6MTIwMDAwMDAwMDAwMH0sInNjaGVtYV92ZXJzaW9uIjoiMSJ9"
        }
      ]
    },
    {
      "mode": "managed",
      "type": "google_compute_instance",
      "name": "flask_server",
      "provider": "provider[\"registry.terraform.io/hashicorp/google\"]",
      "instances": [
        {
          "schema_version": 6,
          "attributes": {
            "advanced_machine_features": [],
            "allow_stopping_for_update": null,
            "attached_disk": [],
            "boot_disk": [
              {
                "auto_delete": true,
                "device_name": "persistent-disk-0",
                "disk_encryption_key_raw": "",
                "disk_encryption_key_sha256": "",
                "initialize_params": [
                  {
                    "enable_confidential_compute": false,
                    "image": "https://www.googleapis.com/compute/v1/projects/debian-cloud/global/images/debian-11-bullseye-v20250212",
                    "labels": {},
                    "provisioned_iops": 0,
                    "provisioned_throughput": 0,
                    "resource_manager_tags": null,
                    "resource_policies": [],
                    "size": 10,
                    "storage_pool": "",
                    "type": "pd-standard"
                  }
                ],
                "interface": "",
                "kms_key_self_link": "",
                "mode": "READ_WRITE",
                "source": "https://www.googleapis.com/compute/v1/projects/banded-encoder-451312-h7/zones/us-central1-a/disks/flask-server"
              }
            ],
            "can_ip_forward": false,
            "confidential_instance_config": [],
            "cpu_platform": "AMD Rome",
            "creation_timestamp": "2025-02-24T23:50:38.621-08:00",
            "current_status": "RUNNING",
            "deletion_protection": false,
            "description": "",
            "desired_status": null,
            "effective_labels": {
              "goog-terraform-provisioned": "true"
            },
            "enable_display": false,
            "guest_accelerator": [],
            "hostname": "",
            "id": "projects/banded-encoder-451312-h7/zones/us-central1-a/instances/flask-server",
            "instance_id": "516631878154897569",
            "key_revocation_action_type": "",
            "label_fingerprint": "vezUS-42LLM=",
            "labels": null,
            "machine_type": "e2-micro",
            "metadata": {
              "ssh-keys": "amitay:ssh-rsa AAAAB3NzaC1yc2EAAAADAQABAAABgQCzUGeNdHoSaVcHnsZDbOzjpyg9KM2/0iKKLauNX3QFrSrfPsEL6pTVz56TuebNYf2akJXfAHIesqEHaFyWN/P7aGK0oWKWEixUPRSgibzkKRuPH+fKal4+/Vza4empbn1qWQ3KwxrCdhyszwS8pFEgH4yBDTMYx3EfFLycyUGNUFi6+vmevW+SC5BhHDUPvJgxpD9swEXr0y4ddJhV3ADOJVY3WJNUPpQBuTS6RiECjHcAxEJHxxjR6rkICSiUcfEeo1v4fkH3NK+c9m2toRcLjdL080Eeobq0l4ShuFQQLazWYezlxDxo7SsrPV7AnO7yDqVPGNbaAAmVPNEsQhbTUDxsl64uE3plnU0y5tZR5sCdqQpsAXMGT/Smk8TPJ/TpFXacS0duhTHOO/KpjCAnRl4osQRi5sWd9ZG2G/KNZ2q7mm3NXux+mofi0pXaH0MvjOEXa0kTJlz1L84mt/J/SR/0UgC0yuznmop7PToljrYouei7kQzUsuj9E07739k= amita@laptop_amitay\n"
            },
            "metadata_fingerprint": "opKktiRH-ME=",
            "metadata_startup_script": "#!/bin/bash\r\napt-get update\r\napt-get install -y python3-pip git\r\n              \r\ngit clone https://github.com/AmitayAlmog/flask-app.git /opt/flask-app\r\ncd /opt/flask-app\r\n              \r\npip3 install flask pandas\r\npython3 app.py \u0026\r\n",
            "min_cpu_platform": "",
            "name": "flask-server",
            "network_interface": [
              {
                "access_config": [
                  {
                    "nat_ip": "34.58.24.178",
                    "network_tier": "PREMIUM",
                    "public_ptr_domain_name": ""
                  }
                ],
                "alias_ip_range": [],
                "internal_ipv6_prefix_length": 0,
                "ipv6_access_config": [],
                "ipv6_access_type": "",
                "ipv6_address": "",
                "name": "nic0",
                "network": "https://www.googleapis.com/compute/v1/projects/banded-encoder-451312-h7/global/networks/default",
                "network_ip": "10.128.0.4",
                "nic_type": "",
                "queue_count": 0,
                "stack_type": "IPV4_ONLY",
                "subnetwork": "https://www.googleapis.com/compute/v1/projects/banded-encoder-451312-h7/regions/us-central1/subnetworks/default",
                "subnetwork_project": "banded-encoder-451312-h7"
              }
            ],
            "network_performance_config": [],
            "params": [],
            "project": "banded-encoder-451312-h7",
            "reservation_affinity": [],
            "resource_policies": null,
            "scheduling": [
              {
                "automatic_restart": false,
                "availability_domain": 0,
                "instance_termination_action": "STOP",
                "local_ssd_recovery_timeout": [],
                "max_run_duration": [],
                "min_node_cpus": 0,
                "node_affinities": [],
                "on_host_maintenance": "TERMINATE",
                "on_instance_stop_action": [],
                "preemptible": true,
                "provisioning_model": "SPOT"
              }
            ],
            "scratch_disk": [],
            "self_link": "https://www.googleapis.com/compute/v1/projects/banded-encoder-451312-h7/zones/us-central1-a/instances/flask-server",
            "service_account": [],
            "shielded_instance_config": [
              {
                "enable_integrity_monitoring": true,
                "enable_secure_boot": false,
                "enable_vtpm": true
              }
            ],
            "tags": [
              "flask-server"
            ],
            "tags_fingerprint": "2Q2PBM1iH-I=",
            "terraform_labels": {
              "goog-terraform-provisioned": "true"
            },
            "timeouts": null,
            "zone": "us-central1-a"
          },
          "sensitive_attributes": [
            [
              {
                "type": "get_attr",
                "value": "boot_disk"
              },
              {
                "type": "index",
                "value": {
                  "value": 0,
                  "type": "number"
                }
              },
              {
                "type": "get_attr",
                "value": "disk_encryption_key_raw"
              }
            ]
          ],
          "private": "eyJlMmJmYjczMC1lY2FhLTExZTYtOGY4OC0zNDM2M2JjN2M0YzAiOnsiY3JlYXRlIjoxMjAwMDAwMDAwMDAwLCJkZWxldGUiOjEyMDAwMDAwMDAwMDAsInVwZGF0ZSI6MTIwMDAwMDAwMDAwMH0sInNjaGVtYV92ZXJzaW9uIjoiNiJ9"
        }
      ]
    },
    {
      "mode": "managed",
      "type": "local_file",
      "name": "output_ip",
      "provider": "provider[\"registry.terraform.io/hashicorp/local\"]",
      "instances": [
        {
          "schema_version": 0,
          "attributes": {
            "content": "34.58.24.178",
            "content_base64": null,
            "content_base64sha256": "dVkq1WMkZ1OV4QLMDh4oHLf9t3O6t/hWOkDW8VxkIls=",
            "content_base64sha512": "f6Zx4g92ITRJ3YenzKae4BGqdba8LwukoiVUSknW2lc1ye+wxkvKsU2lhiBogmz71AZfIMpjyFrNE4siq9RKTg==",
            "content_md5": "ca7683142d6246c7395d943d60206cb7",
            "content_sha1": "7d316dc0b2ff1b3d78a5649c111fb936bae4c117",
            "content_sha256": "75592ad56324675395e102cc0e1e281cb7fdb773bab7f8563a40d6f15c64225b",
            "content_sha512": "7fa671e20f76213449dd87a7cca69ee011aa75b6bc2f0ba4a225544a49d6da5735c9efb0c64bcab14da5862068826cfbd4065f20ca63c85acd138b22abd44a4e",
            "directory_permission": "0777",
            "file_permission": "0777",
            "filename": "public_ip.txt",
            "id": "7d316dc0b2ff1b3d78a5649c111fb936bae4c117",
            "sensitive_content": null,
            "source": null
          },
          "sensitive_attributes": [
            [
              {
                "type": "get_attr",
                "value": "sensitive_content"
              }
            ]
          ],
          "dependencies": [
            "google_compute_instance.flask_server"
          ]
        }
      ]
    }
  ],
  "check_results": null
}
